
Microsoft Visual Studio Solution File, Format Version 12.00
# Visual Studio Version 17
VisualStudioVersion = 17.4.33403.182
MinimumVisualStudioVersion = 10.0.40219.1
Project("{FAE04EC0-301F-11D3-BF4B-00C04F79EFBC}") = "BankSystemManagement", "BankSystemManagement\BankSystemManagement.csproj", "{2981E0C5-3D98-4961-AABD-76C60EB9C911}"
EndProject
Global
	GlobalSection(SolutionConfigurationPlatforms) = preSolution
		Debug|Any CPU = Debug|Any CPU
		Release|Any CPU = Release|Any CPU
	EndGlobalSection
	GlobalSection(ProjectConfigurationPlatforms) = postSolution
		{2981E0C5-3D98-4961-AABD-76C60EB9C911}.Debug|Any CPU.ActiveCfg = Debug|Any CPU
		{2981E0C5-3D98-4961-AABD-76C60EB9C911}.Debug|Any CPU.Build.0 = Debug|Any CPU
		{2981E0C5-3D98-4961-AABD-76C60EB9C911}.Release|Any CPU.ActiveCfg = Release|Any CPU
		{2981E0C5-3D98-4961-AABD-76C60EB9C911}.Release|Any CPU.Build.0 = Release|Any CPU
	EndGlobalSection
	GlobalSection(SolutionProperties) = preSolution
		HideSolutionNode = FALSE
	EndGlobalSection
	GlobalSection(ExtensibilityGlobals) = postSolution
		SolutionGuid = {195063D8-8F6C-4A6E-9DE3-A35EFBD1C59C}
	EndGlobalSection
EndGlobal
